
Microsoft Visual Studio Solution File, Format Version 12.00
# Visual Studio Version 17
VisualStudioVersion = 17.13.35931.197 d17.13
MinimumVisualStudioVersion = 10.0.40219.1
Project("{FAE04EC0-301F-11D3-BF4B-00C04F79EFBC}") = "ApiClientes", "ApiClientes.csproj", "{083EA97E-8C7D-4C79-8585-FA400BE9516A}"
EndProject
Global
	GlobalSection(SolutionConfigurationPlatforms) = preSolution
		Debug|Any CPU = Debug|Any CPU
		Release|Any CPU = Release|Any CPU
	EndGlobalSection
	GlobalSection(ProjectConfigurationPlatforms) = postSolution
		{083EA97E-8C7D-4C79-8585-FA400BE9516A}.Debug|Any CPU.ActiveCfg = Debug|Any CPU
		{083EA97E-8C7D-4C79-8585-FA400BE9516A}.Debug|Any CPU.Build.0 = Debug|Any CPU
		{083EA97E-8C7D-4C79-8585-FA400BE9516A}.Release|Any CPU.ActiveCfg = Release|Any CPU
		{083EA97E-8C7D-4C79-8585-FA400BE9516A}.Release|Any CPU.Build.0 = Release|Any CPU
	EndGlobalSection
	GlobalSection(SolutionProperties) = preSolution
		HideSolutionNode = FALSE
	EndGlobalSection
	GlobalSection(ExtensibilityGlobals) = postSolution
		SolutionGuid = {7799357F-ABFC-43D9-A8FD-D922E8A2FB5F}
	EndGlobalSection
EndGlobal
